dependencies:
- name: redis
  repository: https://charts.bitnami.com/bitnami
  version: 17.3.7
- name: mongodb
  repository: https://charts.bitnami.com/bitnami
  version: 13.3.1
- name: sish-client
  repository: https://aqaurius6666.github.io/helm-charts/
  version: 0.6.0
digest: sha256:51d8747a76016dd90056205fa72c1540f8aa1e018736f36cd7d2e5f6c82fc174
generated: "2022-10-31T09:45:41.40902689+07:00"
